dependencies:
- name: bankingapp-common
  repository: file://../../bankingapp-common
  version: 0.1.0
- name: accounts
  repository: file://../../bankingapp-services/accounts
  version: 0.1.0
- name: cards
  repository: file://../../bankingapp-services/cards
  version: 0.1.0
- name: loans
  repository: file://../../bankingapp-services/loans
  version: 0.1.0
- name: gateway
  repository: file://../../bankingapp-services/gateway
  version: 0.1.0
digest: sha256:26a7fd2488c7f28ede033f8a2bc9ec478637343adc7a2f33d20df787f044973c
generated: "2025-11-23T02:35:16.6311595+02:00"
