dependencies:
- name: accounts
  repository: file://../../bankingapp-services/accounts
  version: 0.1.0
- name: cards
  repository: file://../../bankingapp-services/cards
  version: 0.1.0
- name: loans
  repository: file://../../bankingapp-services/loans
  version: 0.1.0
- name: gatewayserver
  repository: file://../../bankingapp-services/gatewayserver
  version: 0.1.0
digest: sha256:6dc8e4f84082046a849d57ba6a2b3faaabb70adcefe438452359cde9e6a22239
generated: "2025-10-20T21:35:45.7597384+03:00"
